Microsoft Visual Studio Solution File, Format Version 12.00
# Visual Studio Version 17
VisualStudioVersion = 17.5.2.0
MinimumVisualStudioVersion = 10.0.40219.1
Project("{FAE04EC0-301F-11D3-BF4B-00C04F79EFBC}") = "projet-Real-Estate", "projet-Real-Estate.csproj", "{7235F91C-9C8E-FC9C-B21E-A42E3AA082C3}"
EndProject
Global
	GlobalSection(SolutionConfigurationPlatforms) = preSolution
		Debug|Any CPU = Debug|Any CPU
		Release|Any CPU = Release|Any CPU
	EndGlobalSection
	GlobalSection(ProjectConfigurationPlatforms) = postSolution
		{7235F91C-9C8E-FC9C-B21E-A42E3AA082C3}.Debug|Any CPU.ActiveCfg = Debug|Any CPU
		{7235F91C-9C8E-FC9C-B21E-A42E3AA082C3}.Debug|Any CPU.Build.0 = Debug|Any CPU
		{7235F91C-9C8E-FC9C-B21E-A42E3AA082C3}.Release|Any CPU.ActiveCfg = Release|Any CPU
		{7235F91C-9C8E-FC9C-B21E-A42E3AA082C3}.Release|Any CPU.Build.0 = Release|Any CPU
	EndGlobalSection
	GlobalSection(SolutionProperties) = preSolution
		HideSolutionNode = FALSE
	EndGlobalSection
	GlobalSection(ExtensibilityGlobals) = postSolution
		SolutionGuid = {D63A6086-7799-482C-873A-F80540092D27}
	EndGlobalSection
EndGlobal
